// !$*UTF8*$!
{
	archiveVersion = 1;
	classes = {
	};
	objectVersion = 46;
	objects = {

/* Begin PBXBuildFile section */
		008551201CF1356F00E66748 /* main.m in Sources */ = {isa = PBXBuildFile; fileRef = 0085511F1CF1356F00E66748 /* main.m */; };
		008551231CF1356F00E66748 /* AppDelegate.m in Sources */ = {isa = PBXBuildFile; fileRef = 008551221CF1356F00E66748 /* AppDelegate.m */; };
		008551261CF1356F00E66748 /* ViewController.m in Sources */ = {isa = PBXBuildFile; fileRef = 008551251CF1356F00E66748 /* ViewController.m */; };
		008551291CF1356F00E66748 /* Main.storyboard in Resources */ = {isa = PBXBuildFile; fileRef = 008551271CF1356F00E66748 /* Main.storyboard */; };
		0085512B1CF1356F00E66748 /* Assets.xcassets in Resources */ = {isa = PBXBuildFile; fileRef = 0085512A1CF1356F00E66748 /* Assets.xcassets */; };
		0085512E1CF1356F00E66748 /* LaunchScreen.storyboard in Resources */ = {isa = PBXBuildFile; fileRef = 0085512C1CF1356F00E66748 /* LaunchScreen.storyboard */; };
		008551381CF135BF00E66748 /* DeviceLock_GCD.m in Sources */ = {isa = PBXBuildFile; fileRef = 008551371CF135BF00E66748 /* DeviceLock_GCD.m */; };
		0085513B1CF1387700E66748 /* DeviceLock_Notification.m in Sources */ = {isa = PBXBuildFile; fileRef = 0085513A1CF1387700E66748 /* DeviceLock_Notification.m */; };
		0085513D1CF1573000E66748 /* libnotify.dylib in Frameworks */ = {isa = PBXBuildFile; fileRef = 0085513C1CF1573000E66748 /* libnotify.dylib */; };
/* End PBXBuildFile section */

/* Begin PBXFileReference section */
		0085511B1CF1356F00E66748 /* RCDeviceLockEvent.app */ = {isa = PBXFileReference; explicitFileType = wrapper.application; includeInIndex = 0; path = RCDeviceLockEvent.app; sourceTree = BUILT_PRODUCTS_DIR; };
		0085511F1CF1356F00E66748 /* main.m */ = {isa = PBXFileReference; lastKnownFileType = sourcecode.c.objc; path = main.m; sourceTree = "<group>"; };
		008551211CF1356F00E66748 /* AppDelegate.h */ = {isa = PBXFileReference; lastKnownFileType = sourcecode.c.h; path = AppDelegate.h; sourceTree = "<group>"; };
		008551221CF1356F00E66748 /* AppDelegate.m */ = {isa = PBXFileReference; lastKnownFileType = sourcecode.c.objc; path = AppDelegate.m; sourceTree = "<group>"; };
		008551241CF1356F00E66748 /* ViewController.h */ = {isa = PBXFileReference; lastKnownFileType = sourcecode.c.h; path = ViewController.h; sourceTree = "<group>"; };
		008551251CF1356F00E66748 /* ViewController.m */ = {isa = PBXFileReference; lastKnownFileType = sourcecode.c.objc; path = ViewController.m; sourceTree = "<group>"; };
		008551281CF1356F00E66748 /* Base */ = {isa = PBXFileReference; lastKnownFileType = file.storyboard; name = Base; path = Base.lproj/Main.storyboard; sourceTree = "<group>"; };
		0085512A1CF1356F00E66748 /* Assets.xcassets */ = {isa = PBXFileReference; lastKnownFileType = folder.assetcatalog; path = Assets.xcassets; sourceTree = "<group>"; };
		0085512D1CF1356F00E66748 /* Base */ = {isa = PBXFileReference; lastKnownFileType = file.storyboard; name = Base; path = Base.lproj/LaunchScreen.storyboard; sourceTree = "<group>"; };
		0085512F1CF1356F00E66748 /* Info.plist */ = {isa = PBXFileReference; lastKnownFileType = text.plist.xml; path = Info.plist; sourceTree = "<group>"; };
		008551361CF135BF00E66748 /* DeviceLock_GCD.h */ = {isa = PBXFileReference; fileEncoding = 4; lastKnownFileType = sourcecode.c.h; path = DeviceLock_GCD.h; sourceTree = "<group>"; };
		008551371CF135BF00E66748 /* DeviceLock_GCD.m */ = {isa = PBXFileReference; fileEncoding = 4; lastKnownFileType = sourcecode.c.objc; path = DeviceLock_GCD.m; sourceTree = "<group>"; };
		008551391CF1387700E66748 /* DeviceLock_Notification.h */ = {isa = PBXFileReference; fileEncoding = 4; lastKnownFileType = sourcecode.c.h; path = DeviceLock_Notification.h; sourceTree = "<group>"; };
		0085513A1CF1387700E66748 /* DeviceLock_Notification.m */ = {isa = PBXFileReference; fileEncoding = 4; lastKnownFileType = sourcecode.c.objc; path = DeviceLock_Notification.m; sourceTree = "<group>"; };
		0085513C1CF1573000E66748 /* libnotify.dylib */ = {isa = PBXFileReference; lastKnownFileType = "compiled.mach-o.dylib"; path = libnotify.dylib; sourceTree = "<group>"; };
/* End PBXFileReference section */

/* Begin PBXFrameworksBuildPhase section */
		008551181CF1356F00E66748 /* Frameworks */ = {
			isa = PBXFrameworksBuildPhase;
			buildActionMask = 2147483647;
			files = (
				0085513D1CF1573000E66748 /* libnotify.dylib in Frameworks */,
			);
			runOnlyForDeploymentPostprocessing = 0;
		};
/* End PBXFrameworksBuildPhase section */

/* Begin PBXGroup section */
		008551121CF1356E00E66748 = {
			isa = PBXGroup;
			children = (
				0085511D1CF1356F00E66748 /* RCDeviceLockEvent */,
				0085511C1CF1356F00E66748 /* Products */,
			);
			sourceTree = "<group>";
		};
		0085511C1CF1356F00E66748 /* Products */ = {
			isa = PBXGroup;
			children = (
				0085511B1CF1356F00E66748 /* RCDeviceLockEvent.app */,
			);
			name = Products;
			sourceTree = "<group>";
		};
		0085511D1CF1356F00E66748 /* RCDeviceLockEvent */ = {
			isa = PBXGroup;
			children = (
				008551351CF1359800E66748 /* Source */,
				008551211CF1356F00E66748 /* AppDelegate.h */,
				008551221CF1356F00E66748 /* AppDelegate.m */,
				008551241CF1356F00E66748 /* ViewController.h */,
				008551251CF1356F00E66748 /* ViewController.m */,
				008551271CF1356F00E66748 /* Main.storyboard */,
				0085513C1CF1573000E66748 /* libnotify.dylib */,
				0085512A1CF1356F00E66748 /* Assets.xcassets */,
				0085512C1CF1356F00E66748 /* LaunchScreen.storyboard */,
				0085512F1CF1356F00E66748 /* Info.plist */,
				0085511E1CF1356F00E66748 /* Supporting Files */,
			);
			path = RCDeviceLockEvent;
			sourceTree = "<group>";
		};
		0085511E1CF1356F00E66748 /* Supporting Files */ = {
			isa = PBXGroup;
			children = (
				0085511F1CF1356F00E66748 /* main.m */,
			);
			name = "Supporting Files";
			sourceTree = "<group>";
		};
		008551351CF1359800E66748 /* Source */ = {
			isa = PBXGroup;
			children = (
				008551361CF135BF00E66748 /* DeviceLock_GCD.h */,
				008551371CF135BF00E66748 /* DeviceLock_GCD.m */,
				008551391CF1387700E66748 /* DeviceLock_Notification.h */,
				0085513A1CF1387700E66748 /* DeviceLock_Notification.m */,
			);
			path = Source;
			sourceTree = "<group>";
		};
/* End PBXGroup section */

/* Begin PBXNativeTarget section */
		0085511A1CF1356F00E66748 /* RCDeviceLockEvent */ = {
			isa = PBXNativeTarget;
			buildConfigurationList = 008551321CF1356F00E66748 /* Build configuration list for PBXNativeTarget "RCDeviceLockEvent" */;
			buildPhases = (
				008551171CF1356F00E66748 /* Sources */,
				008551181CF1356F00E66748 /* Frameworks */,
				008551191CF1356F00E66748 /* Resources */,
			);
			buildRules = (
			);
			dependencies = (
			);
			name = RCDeviceLockEvent;
			productName = RCDeviceLockEvent;
			productReference = 0085511B1CF1356F00E66748 /* RCDeviceLockEvent.app */;
			productType = "com.apple.product-type.application";
		};
/* End PBXNativeTarget section */

/* Begin PBXProject section */
		008551131CF1356E00E66748 /* Project object */ = {
			isa = PBXProject;
			attributes = {
				LastUpgradeCheck = 0730;
				ORGANIZATIONNAME = Robin;
				TargetAttributes = {
					0085511A1CF1356F00E66748 = {
						CreatedOnToolsVersion = 7.3.1;
					};
				};
			};
			buildConfigurationList = 008551161CF1356E00E66748 /* Build configuration list for PBXProject "RCDeviceLockEvent" */;
			compatibilityVersion = "Xcode 3.2";
			developmentRegion = English;
			hasScannedForEncodings = 0;
			knownRegions = (
				en,
				Base,
			);
			mainGroup = 008551121CF1356E00E66748;
			productRefGroup = 0085511C1CF1356F00E66748 /* Products */;
			projectDirPath = "";
			projectRoot = "";
			targets = (
				0085511A1CF1356F00E66748 /* RCDeviceLockEvent */,
			);
		};
/* End PBXProject section */

/* Begin PBXResourcesBuildPhase section */
		008551191CF1356F00E66748 /* Resources */ = {
			isa = PBXResourcesBuildPhase;
			buildActionMask = 2147483647;
			files = (
				0085512E1CF1356F00E66748 /* LaunchScreen.storyboard in Resources */,
				0085512B1CF1356F00E66748 /* Assets.xcassets in Resources */,
				008551291CF1356F00E66748 /* Main.storyboard in Resources */,
			);
			runOnlyForDeploymentPostprocessing = 0;
		};
/* End PBXResourcesBuildPhase section */

/* Begin PBXSourcesBuildPhase section */
		008551171CF1356F00E66748 /* Sources */ = {
			isa = PBXSourcesBuildPhase;
			buildActionMask = 2147483647;
			files = (
				008551261CF1356F00E66748 /* ViewController.m in Sources */,
				008551381CF135BF00E66748 /* DeviceLock_GCD.m in Sources */,
				008551231CF1356F00E66748 /* AppDelegate.m in Sources */,
				008551201CF1356F00E66748 /* main.m in Sources */,
				0085513B1CF1387700E66748 /* DeviceLock_Notification.m in Sources */,
			);
			runOnlyForDeploymentPostprocessing = 0;
		};
/* End PBXSourcesBuildPhase section */

/* Begin PBXVariantGroup section */
		008551271CF1356F00E66748 /* Main.storyboard */ = {
			isa = PBXVariantGroup;
			children = (
				008551281CF1356F00E66748 /* Base */,
			);
			name = Main.storyboard;
			sourceTree = "<group>";
		};
		0085512C1CF1356F00E66748 /* LaunchScreen.storyboard */ = {
			isa = PBXVariantGroup;
			children = (
				0085512D1CF1356F00E66748 /* Base */,
			);
			name = LaunchScreen.storyboard;
			sourceTree = "<group>";
		};
/* End PBXVariantGroup section */

/* Begin XCBuildConfiguration section */
		008551301CF1356F00E66748 /* Debug */ = {
			isa = XCBuildConfiguration;
			buildSettings = {
				ALWAYS_SEARCH_USER_PATHS = NO;
				CLANG_ANALYZER_NONNULL = YES;
				CLANG_CXX_LANGUAGE_STANDARD = "gnu++0x";
				CLANG_CXX_LIBRARY = "libc++";
				CLANG_ENABLE_MODULES = YES;
				CLANG_ENABLE_OBJC_ARC = YES;
				CLANG_WARN_BOOL_CONVERSION = YES;
				CLANG_WARN_CONSTANT_CONVERSION = YES;
				CLANG_WARN_DIRECT_OBJC_ISA_USAGE = YES_ERROR;
				CLANG_WARN_EMPTY_BODY = YES;
				CLANG_WARN_ENUM_CONVERSION = YES;
				CLANG_WARN_INT_CONVERSION = YES;
				CLANG_WARN_OBJC_ROOT_CLASS = YES_ERROR;
				CLANG_WARN_UNREACHABLE_CODE = YES;
				CLANG_WARN__DUPLICATE_METHOD_MATCH = YES;
				"CODE_SIGN_IDENTITY[sdk=iphoneos*]" = "iPhone Developer";
				COPY_PHASE_STRIP = NO;
				DEBUG_INFORMATION_FORMAT = dwarf;
				ENABLE_STRICT_OBJC_MSGSEND = YES;
				ENABLE_TESTABILITY = YES;
				GCC_C_LANGUAGE_STANDARD = gnu99;
				GCC_DYNAMIC_NO_PIC = NO;
				GCC_NO_COMMON_BLOCKS = YES;
				GCC_OPTIMIZATION_LEVEL = 0;
				GCC_PREPROCESSOR_DEFINITIONS = (
					"DEBUG=1",
					"$(inherited)",
				);
				GCC_WARN_64_TO_32_BIT_CONVERSION = YES;
				GCC_WARN_ABOUT_RETURN_TYPE = YES_ERROR;
				GCC_WARN_UNDECLARED_SELECTOR = YES;
				GCC_WARN_UNINITIALIZED_AUTOS = YES_AGGRESSIVE;
				GCC_WARN_UNUSED_FUNCTION = YES;
				GCC_WARN_UNUSED_VARIABLE = YES;
				IPHONEOS_DEPLOYMENT_TARGET = 9.3;
				MTL_ENABLE_DEBUG_INFO = YES;
				ONLY_ACTIVE_ARCH = YES;
				SDKROOT = iphoneos;
			};
			name = Debug;
		};
		008551311CF1356F00E66748 /* Release */ = {
			isa = XCBuildConfiguration;
			buildSettings = {
				ALWAYS_SEARCH_USER_PATHS = NO;
				CLANG_ANALYZER_NONNULL = YES;
				CLANG_CXX_LANGUAGE_STANDARD = "gnu++0x";
				CLANG_CXX_LIBRARY = "libc++";
				CLANG_ENABLE_MODULES = YES;
				CLANG_ENABLE_OBJC_ARC = YES;
				CLANG_WARN_BOOL_CONVERSION = YES;
				CLANG_WARN_CONSTANT_CONVERSION = YES;
				CLANG_WARN_DIRECT_OBJC_ISA_USAGE = YES_ERROR;
				CLANG_WARN_EMPTY_BODY = YES;
				CLANG_WARN_ENUM_CONVERSION = YES;
				CLANG_WARN_INT_CONVERSION = YES;
				CLANG_WARN_OBJC_ROOT_CLASS = YES_ERROR;
				CLANG_WARN_UNREACHABLE_CODE = YES;
				CLANG_WARN__DUPLICATE_METHOD_MATCH = YES;
				"CODE_SIGN_IDENTITY[sdk=iphoneos*]" = "iPhone Developer";
				COPY_PHASE_STRIP = NO;
				DEBUG_INFORMATION_FORMAT = "dwarf-with-dsym";
				ENABLE_NS_ASSERTIONS = NO;
				ENABLE_STRICT_OBJC_MSGSEND = YES;
				GCC_C_LANGUAGE_STANDARD = gnu99;
				GCC_NO_COMMON_BLOCKS = YES;
				GCC_WARN_64_TO_32_BIT_CONVERSION = YES;
				GCC_WARN_ABOUT_RETURN_TYPE = YES_ERROR;
				GCC_WARN_UNDECLARED_SELECTOR = YES;
				GCC_WARN_UNINITIALIZED_AUTOS = YES_AGGRESSIVE;
				GCC_WARN_UNUSED_FUNCTION = YES;
				GCC_WARN_UNUSED_VARIABLE = YES;
				IPHONEOS_DEPLOYMENT_TARGET = 9.3;
				MTL_ENABLE_DEBUG_INFO = NO;
				SDKROOT = iphoneos;
				VALIDATE_PRODUCT = YES;
			};
			name = Release;
		};
		008551331CF1356F00E66748 /* Debug */ = {
			isa = XCBuildConfiguration;
			buildSettings = {
				ASSETCATALOG_COMPILER_APPICON_NAME = AppIcon;
				INFOPLIST_FILE = RCDeviceLockEvent/Info.plist;
				LD_RUNPATH_SEARCH_PATHS = "$(inherited) @executable_path/Frameworks";
				LIBRARY_SEARCH_PATHS = (
					"$(inherited)",
					"$(PROJECT_DIR)/RCDeviceLockEvent",
				);
				PRODUCT_BUNDLE_IDENTIFIER = com.Robin.RCDeviceLockEvent;
				PRODUCT_NAME = "$(TARGET_NAME)";
				PROVISIONING_PROFILE = "66288704-57d5-4c62-9566-f016a7b92636";
			};
			name = Debug;
		};
		008551341CF1356F00E66748 /* Release */ = {
			isa = XCBuildConfiguration;
			buildSettings = {
				ASSETCATALOG_COMPILER_APPICON_NAME = AppIcon;
				INFOPLIST_FILE = RCDeviceLockEvent/Info.plist;
				LD_RUNPATH_SEARCH_PATHS = "$(inherited) @executable_path/Frameworks";
				LIBRARY_SEARCH_PATHS = (
					"$(inherited)",
					"$(PROJECT_DIR)/RCDeviceLockEvent",
				);
				PRODUCT_BUNDLE_IDENTIFIER = com.Robin.RCDeviceLockEvent;
				PRODUCT_NAME = "$(TARGET_NAME)";
				PROVISIONING_PROFILE = "66288704-57d5-4c62-9566-f016a7b92636";
			};
			name = Release;
		};
/* End XCBuildConfiguration section */

/* Begin XCConfigurationList section */
		008551161CF1356E00E66748 /* Build configuration list for PBXProject "RCDeviceLockEvent" */ = {
			isa = XCConfigurationList;
			buildConfigurations = (
				008551301CF1356F00E66748 /* Debug */,
				008551311CF1356F00E66748 /* Release */,
			);
			defaultConfigurationIsVisible = 0;
			defaultConfigurationName = Release;
		};
		008551321CF1356F00E66748 /* Build configuration list for PBXNativeTarget "RCDeviceLockEvent" */ = {
			isa = XCConfigurationList;
			buildConfigurations = (
				008551331CF1356F00E66748 /* Debug */,
				008551341CF1356F00E66748 /* Release */,
			);
			defaultConfigurationIsVisible = 0;
			defaultConfigurationName = Release;
		};
/* End XCConfigurationList section */
	};
	rootObject = 008551131CF1356E00E66748 /* Project object */;
}
